
Microsoft Visual Studio Solution File, Format Version 11.00
# Visual Studio 2010
Project("{FAE04EC0-301F-11D3-BF4B-00C04F79EFBC}") = "Extension", "Extension\Extension.csproj", "{D184533B-89EB-4CDE-84B8-6157939716D0}"
EndProject
Project("{FAE04EC0-301F-11D3-BF4B-00C04F79EFBC}") = "Core.Client", "Core.Client\Core.Client.csproj", "{9CFCF896-7BDD-471D-BDFB-7963B57008CE}"
EndProject
Project("{FAE04EC0-301F-11D3-BF4B-00C04F79EFBC}") = "Core.Data", "Core.Data\Core.Data.csproj", "{CE004D7B-E537-47B4-B0F6-F7703EEA3A78}"
EndProject
Project("{FAE04EC0-301F-11D3-BF4B-00C04F79EFBC}") = "Core.Server", "Core.Server\Core.Server.csproj", "{DCC9D89C-224F-4638-A7CC-4C4CB1079D1B}"
EndProject
Global
	GlobalSection(SolutionConfigurationPlatforms) = preSolution
		Debug|Any CPU = Debug|Any CPU
		Release|Any CPU = Release|Any CPU
	EndGlobalSection
	GlobalSection(ProjectConfigurationPlatforms) = postSolution
		{D184533B-89EB-4CDE-84B8-6157939716D0}.Debug|Any CPU.ActiveCfg = Debug|Any CPU
		{D184533B-89EB-4CDE-84B8-6157939716D0}.Debug|Any CPU.Build.0 = Debug|Any CPU
		{D184533B-89EB-4CDE-84B8-6157939716D0}.Release|Any CPU.ActiveCfg = Release|Any CPU
		{D184533B-89EB-4CDE-84B8-6157939716D0}.Release|Any CPU.Build.0 = Release|Any CPU
		{9CFCF896-7BDD-471D-BDFB-7963B57008CE}.Debug|Any CPU.ActiveCfg = Debug|Any CPU
		{9CFCF896-7BDD-471D-BDFB-7963B57008CE}.Debug|Any CPU.Build.0 = Debug|Any CPU
		{9CFCF896-7BDD-471D-BDFB-7963B57008CE}.Release|Any CPU.ActiveCfg = Release|Any CPU
		{9CFCF896-7BDD-471D-BDFB-7963B57008CE}.Release|Any CPU.Build.0 = Release|Any CPU
		{CE004D7B-E537-47B4-B0F6-F7703EEA3A78}.Debug|Any CPU.ActiveCfg = Debug|Any CPU
		{CE004D7B-E537-47B4-B0F6-F7703EEA3A78}.Debug|Any CPU.Build.0 = Debug|Any CPU
		{CE004D7B-E537-47B4-B0F6-F7703EEA3A78}.Release|Any CPU.ActiveCfg = Release|Any CPU
		{CE004D7B-E537-47B4-B0F6-F7703EEA3A78}.Release|Any CPU.Build.0 = Release|Any CPU
		{DCC9D89C-224F-4638-A7CC-4C4CB1079D1B}.Debug|Any CPU.ActiveCfg = Debug|Any CPU
		{DCC9D89C-224F-4638-A7CC-4C4CB1079D1B}.Debug|Any CPU.Build.0 = Debug|Any CPU
		{DCC9D89C-224F-4638-A7CC-4C4CB1079D1B}.Release|Any CPU.ActiveCfg = Release|Any CPU
		{DCC9D89C-224F-4638-A7CC-4C4CB1079D1B}.Release|Any CPU.Build.0 = Release|Any CPU
	EndGlobalSection
	GlobalSection(SolutionProperties) = preSolution
		HideSolutionNode = FALSE
	EndGlobalSection
EndGlobal
